
Microsoft Visual Studio Solution File, Format Version 12.00
# Visual Studio 15
VisualStudioVersion = 15.0.28010.2048
MinimumVisualStudioVersion = 10.0.40219.1
Project("{9A19103F-16F7-4668-BE54-9A1E7A4F7556}") = "ObjectChangeTracking", "ObjectChangeTracking\ObjectChangeTracking.csproj", "{E3E2ED9E-44A1-4C3B-8E2D-CA1A1D223F10}"
EndProject
Project("{9A19103F-16F7-4668-BE54-9A1E7A4F7556}") = "ObjectChangeTracking.Tests", "ObjectChangeTracking.Tests\ObjectChangeTracking.Tests.csproj", "{AE585801-C343-4A24-89EF-4D55DC23B1E2}"
EndProject
Project("{9A19103F-16F7-4668-BE54-9A1E7A4F7556}") = "ObjectChangeTracking.Abstractions", "ObjectChangeTracking.Abstractions\ObjectChangeTracking.Abstractions.csproj", "{BFCF5775-0C99-4336-8599-1831DC110566}"
EndProject
Global
	GlobalSection(SolutionConfigurationPlatforms) = preSolution
		Debug|Any CPU = Debug|Any CPU
		Release|Any CPU = Release|Any CPU
	EndGlobalSection
	GlobalSection(ProjectConfigurationPlatforms) = postSolution
		{E3E2ED9E-44A1-4C3B-8E2D-CA1A1D223F10}.Debug|Any CPU.ActiveCfg = Debug|Any CPU
		{E3E2ED9E-44A1-4C3B-8E2D-CA1A1D223F10}.Debug|Any CPU.Build.0 = Debug|Any CPU
		{E3E2ED9E-44A1-4C3B-8E2D-CA1A1D223F10}.Release|Any CPU.ActiveCfg = Release|Any CPU
		{E3E2ED9E-44A1-4C3B-8E2D-CA1A1D223F10}.Release|Any CPU.Build.0 = Release|Any CPU
		{AE585801-C343-4A24-89EF-4D55DC23B1E2}.Debug|Any CPU.ActiveCfg = Debug|Any CPU
		{AE585801-C343-4A24-89EF-4D55DC23B1E2}.Debug|Any CPU.Build.0 = Debug|Any CPU
		{AE585801-C343-4A24-89EF-4D55DC23B1E2}.Release|Any CPU.ActiveCfg = Release|Any CPU
		{AE585801-C343-4A24-89EF-4D55DC23B1E2}.Release|Any CPU.Build.0 = Release|Any CPU
		{BFCF5775-0C99-4336-8599-1831DC110566}.Debug|Any CPU.ActiveCfg = Debug|Any CPU
		{BFCF5775-0C99-4336-8599-1831DC110566}.Debug|Any CPU.Build.0 = Debug|Any CPU
		{BFCF5775-0C99-4336-8599-1831DC110566}.Release|Any CPU.ActiveCfg = Release|Any CPU
		{BFCF5775-0C99-4336-8599-1831DC110566}.Release|Any CPU.Build.0 = Release|Any CPU
	EndGlobalSection
	GlobalSection(SolutionProperties) = preSolution
		HideSolutionNode = FALSE
	EndGlobalSection
	GlobalSection(ExtensibilityGlobals) = postSolution
		SolutionGuid = {33F0C5A0-EAF6-4DAC-B2DA-BC164E9826BB}
	EndGlobalSection
EndGlobal
